
Microsoft Visual Studio Solution File, Format Version 12.00
# Visual Studio Version 16
VisualStudioVersion = 16.0.810.14
MinimumVisualStudioVersion = 10.0.40219.1
Project("{FAE04EC0-301F-11D3-BF4B-00C04F79EFBC}") = "Employee", "Employee.csproj", "{BDEA02A1-1AAD-4BAC-B76D-7C44CD2FCC08}"
EndProject
Global
	GlobalSection(SolutionConfigurationPlatforms) = preSolution
		Debug|Any CPU = Debug|Any CPU
		Release|Any CPU = Release|Any CPU
	EndGlobalSection
	GlobalSection(ProjectConfigurationPlatforms) = postSolution
		{BDEA02A1-1AAD-4BAC-B76D-7C44CD2FCC08}.Debug|Any CPU.ActiveCfg = Debug|Any CPU
		{BDEA02A1-1AAD-4BAC-B76D-7C44CD2FCC08}.Debug|Any CPU.Build.0 = Debug|Any CPU
		{BDEA02A1-1AAD-4BAC-B76D-7C44CD2FCC08}.Release|Any CPU.ActiveCfg = Release|Any CPU
		{BDEA02A1-1AAD-4BAC-B76D-7C44CD2FCC08}.Release|Any CPU.Build.0 = Release|Any CPU
	EndGlobalSection
	GlobalSection(SolutionProperties) = preSolution
		HideSolutionNode = FALSE
	EndGlobalSection
	GlobalSection(ExtensibilityGlobals) = postSolution
		SolutionGuid = {D35AECE2-59B4-429F-B365-FB1C39EF01CE}
	EndGlobalSection
EndGlobal
